{
  "requires": true,
  "lockfileVersion": 1,
  "dependencies": {
    "orderedmap": {
      "version": "1.1.1",
      "resolved": "https://registry.npmjs.org/orderedmap/-/orderedmap-1.1.1.tgz",
      "integrity": "sha512-3Ux8um0zXbVacKUkcytc0u3HgC0b0bBLT+I60r2J/En72cI0nZffqrA7Xtf2Hqs27j1g82llR5Mhbd0Z1XW4AQ=="
    },
    "prosemirror-model": {
      "version": "1.11.0",
      "resolved": "https://registry.npmjs.org/prosemirror-model/-/prosemirror-model-1.11.0.tgz",
      "integrity": "sha512-GqoAz/mIYjdv8gVYJ8mWFKpHoTxn/lXq4tXJ6bTVxs+rem2LzMYXrNVXfucGtfsgqsJlRIgng/ByG9j7Q8XDrg==",
      "requires": {
        "orderedmap": "^1.1.0"
      }
    },
    "prosemirror-state": {
      "version": "1.3.3",
      "resolved": "https://registry.npmjs.org/prosemirror-state/-/prosemirror-state-1.3.3.tgz",
      "integrity": "sha512-PLXh2VJsIgvlgSTH6I2Yg6vk1CzPDp21DFreVpQtDMY2S6WaMmrQgDTLRcsrD8X38v8Yc873H7+ogdGzyIPn+w==",
      "requires": {
        "prosemirror-model": "^1.0.0",
        "prosemirror-transform": "^1.0.0"
      }
    },
    "prosemirror-transform": {
      "version": "1.2.8",
      "resolved": "https://registry.npmjs.org/prosemirror-transform/-/prosemirror-transform-1.2.8.tgz",
      "integrity": "sha512-hKqceqv9ZmMQXNQkhFjr0KFGPvkhygaWND+uIM0GxRpALrKfxP97SsgHTBs3OpJhDmh5N+mB4D/CksB291Eavg==",
      "requires": {
        "prosemirror-model": "^1.0.0"
      }
    }
  }
}
